{
  "lockfileVersion": 1,
  "workspaces": {
    "": {
      "dependencies": {
        "undici": "^7.7.0",
      },
      "devDependencies": {
        "@types/bun": "^1.2.9",
      },
      "optionalDependencies": {
        "@tauri-apps/plugin-http": "^2.4.3",
      },
    },
  },
  "packages": {
    "@tauri-apps/api": ["@tauri-apps/api@2.4.1", "", {}, "sha512-5sYwZCSJb6PBGbBL4kt7CnE5HHbBqwH+ovmOW6ZVju3nX4E3JX6tt2kRklFEH7xMOIwR0btRkZktuLhKvyEQYg=="],

    "@tauri-apps/plugin-http": ["@tauri-apps/plugin-http@2.4.3", "", { "dependencies": { "@tauri-apps/api": "^2.0.0" } }, "sha512-Us8X+FikzpaZRNr4kH4HLwyXascHbM42p6LxAqRTQnHPrrqp1usaH4vxWAZalPvTbHJ3gBEMJPHusFJgtjGJjA=="],

    "@types/bun": ["@types/bun@1.2.9", "", { "dependencies": { "bun-types": "1.2.9" } }, "sha512-epShhLGQYc4Bv/aceHbmBhOz1XgUnuTZgcxjxk+WXwNyDXavv5QHD1QEFV0FwbTSQtNq6g4ZcV6y0vZakTjswg=="],

    "@types/node": ["@types/node@22.14.0", "", { "dependencies": { "undici-types": "~6.21.0" } }, "sha512-Kmpl+z84ILoG+3T/zQFyAJsU6EPTmOCj8/2+83fSN6djd6I4o7uOuGIH6vq3PrjY5BGitSbFuMN18j3iknubbA=="],

    "@types/ws": ["@types/ws@8.18.1", "", { "dependencies": { "@types/node": "*" } }, "sha512-ThVF6DCVhA8kUGy+aazFQ4kXQ7E1Ty7A3ypFOe0IcJV8O/M511G99AW24irKrW56Wt44yG9+ij8FaqoBGkuBXg=="],

    "bun-types": ["bun-types@1.2.9", "", { "dependencies": { "@types/node": "*", "@types/ws": "*" } }, "sha512-dk/kOEfQbajENN/D6FyiSgOKEuUi9PWfqKQJEgwKrCMWbjS/S6tEXp178mWvWAcUSYm9ArDlWHZKO3T/4cLXiw=="],

    "undici": ["undici@7.7.0", "", {}, "sha512-tZ6+5NBq4KH35rr46XJ2JPFKxfcBlYNaqLF/wyWIO9RMHqqU/gx/CLB1Y2qMcgB8lWw/bKHa7qzspqCN7mUHvA=="],

    "undici-types": ["undici-types@6.21.0", "", {}, "sha512-iwDZqg0QAGrg9Rav5H4n0M64c3mkR59cJ6wQp+7C4nI0gsmExaedaYLNO44eT4AtBBwjbTiGPMlt2Md0T9H9JQ=="],
  }
}
